{
  "requires": true,
  "lockfileVersion": 1,
  "dependencies": {
    "react-sticky-mouse-tooltip": {
      "version": "0.0.1",
      "resolved": "https://registry.npmjs.org/react-sticky-mouse-tooltip/-/react-sticky-mouse-tooltip-0.0.1.tgz",
      "integrity": "sha512-nuKyvolX3Zsu48uoGXkEvEE8oAwl7jaUvJrA/SxCSmBmbzmECNBQp03Z60L6/1ImLUzLFUHh2Wul3GpkEffrPw=="
    }
  }
}
